
Microsoft Visual Studio Solution File, Format Version 12.00
# Visual Studio 2012
Project("{FAE04EC0-301F-11D3-BF4B-00C04F79EFBC}") = "DenoExcelI", "DenoExcelI\DenoExcelI.csproj", "{FDA4950C-6BD3-4122-8A68-46E7448C7D7B}"
EndProject
Global
	GlobalSection(SolutionConfigurationPlatforms) = preSolution
		Debug|Any CPU = Debug|Any CPU
		Release|Any CPU = Release|Any CPU
	EndGlobalSection
	GlobalSection(ProjectConfigurationPlatforms) = postSolution
		{FDA4950C-6BD3-4122-8A68-46E7448C7D7B}.Debug|Any CPU.ActiveCfg = Debug|Any CPU
		{FDA4950C-6BD3-4122-8A68-46E7448C7D7B}.Debug|Any CPU.Build.0 = Debug|Any CPU
		{FDA4950C-6BD3-4122-8A68-46E7448C7D7B}.Release|Any CPU.ActiveCfg = Release|Any CPU
		{FDA4950C-6BD3-4122-8A68-46E7448C7D7B}.Release|Any CPU.Build.0 = Release|Any CPU
	EndGlobalSection
	GlobalSection(SolutionProperties) = preSolution
		HideSolutionNode = FALSE
	EndGlobalSection
EndGlobal
